
Microsoft Visual Studio Solution File, Format Version 12.00
# Visual Studio Version 17
VisualStudioVersion = 17.0.31903.59
MinimumVisualStudioVersion = 10.0.40219.1
Project("{FAE04EC0-301F-11D3-BF4B-00C04F79EFBC}") = "Client", "Client\Client.csproj", "{5ADA6803-DC71-469E-B93A-C6A49A854645}"
EndProject
Project("{FAE04EC0-301F-11D3-BF4B-00C04F79EFBC}") = "Server", "Server\Server.csproj", "{3B1B1B6C-B570-4589-A03E-4872C8E4BD52}"
EndProject
Project("{FAE04EC0-301F-11D3-BF4B-00C04F79EFBC}") = "Shared", "Shared\Shared.csproj", "{B99DAC62-B095-471C-BA9A-C191C92B388F}"
EndProject
Global
	GlobalSection(SolutionConfigurationPlatforms) = preSolution
		Debug|Any CPU = Debug|Any CPU
		Release|Any CPU = Release|Any CPU
	EndGlobalSection
	GlobalSection(SolutionProperties) = preSolution
		HideSolutionNode = FALSE
	EndGlobalSection
	GlobalSection(ProjectConfigurationPlatforms) = postSolution
		{5ADA6803-DC71-469E-B93A-C6A49A854645}.Debug|Any CPU.ActiveCfg = Debug|Any CPU
		{5ADA6803-DC71-469E-B93A-C6A49A854645}.Debug|Any CPU.Build.0 = Debug|Any CPU
		{5ADA6803-DC71-469E-B93A-C6A49A854645}.Release|Any CPU.ActiveCfg = Release|Any CPU
		{5ADA6803-DC71-469E-B93A-C6A49A854645}.Release|Any CPU.Build.0 = Release|Any CPU
		{3B1B1B6C-B570-4589-A03E-4872C8E4BD52}.Debug|Any CPU.ActiveCfg = Debug|Any CPU
		{3B1B1B6C-B570-4589-A03E-4872C8E4BD52}.Debug|Any CPU.Build.0 = Debug|Any CPU
		{3B1B1B6C-B570-4589-A03E-4872C8E4BD52}.Release|Any CPU.ActiveCfg = Release|Any CPU
		{3B1B1B6C-B570-4589-A03E-4872C8E4BD52}.Release|Any CPU.Build.0 = Release|Any CPU
		{B99DAC62-B095-471C-BA9A-C191C92B388F}.Debug|Any CPU.ActiveCfg = Debug|Any CPU
		{B99DAC62-B095-471C-BA9A-C191C92B388F}.Debug|Any CPU.Build.0 = Debug|Any CPU
		{B99DAC62-B095-471C-BA9A-C191C92B388F}.Release|Any CPU.ActiveCfg = Release|Any CPU
		{B99DAC62-B095-471C-BA9A-C191C92B388F}.Release|Any CPU.Build.0 = Release|Any CPU
	EndGlobalSection
EndGlobal
